
Microsoft Visual Studio Solution File, Format Version 12.00
# Visual Studio Version 17
VisualStudioVersion = 17.9.34607.119
MinimumVisualStudioVersion = 10.0.40219.1
Project("{FAE04EC0-301F-11D3-BF4B-00C04F79EFBC}") = "DuongBanAn", "DuongBanAn\DuongBanAn.csproj", "{CD8D9DFF-3A7F-4A14-8875-DD4184628E85}"
EndProject
Global
	GlobalSection(SolutionConfigurationPlatforms) = preSolution
		Debug|Any CPU = Debug|Any CPU
		Release|Any CPU = Release|Any CPU
	EndGlobalSection
	GlobalSection(ProjectConfigurationPlatforms) = postSolution
		{CD8D9DFF-3A7F-4A14-8875-DD4184628E85}.Debug|Any CPU.ActiveCfg = Debug|Any CPU
		{CD8D9DFF-3A7F-4A14-8875-DD4184628E85}.Debug|Any CPU.Build.0 = Debug|Any CPU
		{CD8D9DFF-3A7F-4A14-8875-DD4184628E85}.Release|Any CPU.ActiveCfg = Release|Any CPU
		{CD8D9DFF-3A7F-4A14-8875-DD4184628E85}.Release|Any CPU.Build.0 = Release|Any CPU
	EndGlobalSection
	GlobalSection(SolutionProperties) = preSolution
		HideSolutionNode = FALSE
	EndGlobalSection
	GlobalSection(ExtensibilityGlobals) = postSolution
		SolutionGuid = {B2F3A8E7-6F41-4AA8-BDF8-31F3EC9A097A}
	EndGlobalSection
EndGlobal
